
Microsoft Visual Studio Solution File, Format Version 12.00
# Visual Studio Version 17
VisualStudioVersion = 17.9.34616.47
MinimumVisualStudioVersion = 10.0.40219.1
Project("{FAE04EC0-301F-11D3-BF4B-00C04F79EFBC}") = "IntroductionToDOTNET", "IntroductionToDOTNET\IntroductionToDOTNET.csproj", "{F45E455F-069E-4ADD-92EA-09B314379666}"
EndProject
Project("{FAE04EC0-301F-11D3-BF4B-00C04F79EFBC}") = "DataTypes", "DataTypes\DataTypes.csproj", "{536E7331-CA63-46BC-8A02-6EC8471CF726}"
EndProject
Project("{FAE04EC0-301F-11D3-BF4B-00C04F79EFBC}") = "Geometry", "Geometry\Geometry.csproj", "{9D2B10CD-58D3-4192-AD7B-8EA83E594783}"
EndProject
Global
	GlobalSection(SolutionConfigurationPlatforms) = preSolution
		Debug|Any CPU = Debug|Any CPU
		Release|Any CPU = Release|Any CPU
	EndGlobalSection
	GlobalSection(ProjectConfigurationPlatforms) = postSolution
		{F45E455F-069E-4ADD-92EA-09B314379666}.Debug|Any CPU.ActiveCfg = Debug|Any CPU
		{F45E455F-069E-4ADD-92EA-09B314379666}.Debug|Any CPU.Build.0 = Debug|Any CPU
		{F45E455F-069E-4ADD-92EA-09B314379666}.Release|Any CPU.ActiveCfg = Release|Any CPU
		{F45E455F-069E-4ADD-92EA-09B314379666}.Release|Any CPU.Build.0 = Release|Any CPU
		{536E7331-CA63-46BC-8A02-6EC8471CF726}.Debug|Any CPU.ActiveCfg = Debug|Any CPU
		{536E7331-CA63-46BC-8A02-6EC8471CF726}.Debug|Any CPU.Build.0 = Debug|Any CPU
		{536E7331-CA63-46BC-8A02-6EC8471CF726}.Release|Any CPU.ActiveCfg = Release|Any CPU
		{536E7331-CA63-46BC-8A02-6EC8471CF726}.Release|Any CPU.Build.0 = Release|Any CPU
		{9D2B10CD-58D3-4192-AD7B-8EA83E594783}.Debug|Any CPU.ActiveCfg = Debug|Any CPU
		{9D2B10CD-58D3-4192-AD7B-8EA83E594783}.Debug|Any CPU.Build.0 = Debug|Any CPU
		{9D2B10CD-58D3-4192-AD7B-8EA83E594783}.Release|Any CPU.ActiveCfg = Release|Any CPU
		{9D2B10CD-58D3-4192-AD7B-8EA83E594783}.Release|Any CPU.Build.0 = Release|Any CPU
	EndGlobalSection
	GlobalSection(SolutionProperties) = preSolution
		HideSolutionNode = FALSE
	EndGlobalSection
	GlobalSection(ExtensibilityGlobals) = postSolution
		SolutionGuid = {625A24C9-5BA8-4DA3-AB2C-FAB256F49C18}
	EndGlobalSection
EndGlobal
